
Microsoft Visual Studio Solution File, Format Version 12.00
Project("{FAE04EC0-301F-11D3-BF4B-00C04F79EFBC}") = "ResourceShortageManager", "ResourceShortageManager\ResourceShortageManager.csproj", "{1FBBD955-6E91-4561-8602-3487E14366C4}"
EndProject
Project("{FAE04EC0-301F-11D3-BF4B-00C04F79EFBC}") = "ResourceShortageManagerTests", "ResourceShortageManagerTests\ResourceShortageManagerTests.csproj", "{FE075DFC-7D01-4EB4-A69F-F5BCCEC18ECE}"
EndProject
Global
	GlobalSection(SolutionConfigurationPlatforms) = preSolution
		Debug|Any CPU = Debug|Any CPU
		Release|Any CPU = Release|Any CPU
	EndGlobalSection
	GlobalSection(ProjectConfigurationPlatforms) = postSolution
		{1FBBD955-6E91-4561-8602-3487E14366C4}.Debug|Any CPU.ActiveCfg = Debug|Any CPU
		{1FBBD955-6E91-4561-8602-3487E14366C4}.Debug|Any CPU.Build.0 = Debug|Any CPU
		{1FBBD955-6E91-4561-8602-3487E14366C4}.Release|Any CPU.ActiveCfg = Release|Any CPU
		{1FBBD955-6E91-4561-8602-3487E14366C4}.Release|Any CPU.Build.0 = Release|Any CPU
		{FE075DFC-7D01-4EB4-A69F-F5BCCEC18ECE}.Debug|Any CPU.ActiveCfg = Debug|Any CPU
		{FE075DFC-7D01-4EB4-A69F-F5BCCEC18ECE}.Debug|Any CPU.Build.0 = Debug|Any CPU
		{FE075DFC-7D01-4EB4-A69F-F5BCCEC18ECE}.Release|Any CPU.ActiveCfg = Release|Any CPU
		{FE075DFC-7D01-4EB4-A69F-F5BCCEC18ECE}.Release|Any CPU.Build.0 = Release|Any CPU
	EndGlobalSection
EndGlobal
